{
  "version": "5",
  "remote": {
    "https://deno.land/std@0.224.0/async/delay.ts": "f90dd685b97c2f142b8069082993e437b1602b8e2561134827eeb7c12b95c499",
    "https://deno.land/std@0.224.0/http/server.ts": "f9313804bf6467a1704f45f76cb6cd0a3396a3b31c316035e6a4c2035d1ea514"
  },
  "workspace": {
    "packageJson": {
      "dependencies": [
        "npm:@eslint/js@^9.9.1",
        "npm:@react-pdf/renderer@^4.3.1",
        "npm:@supabase/auth-helpers-react@0.5",
        "npm:@supabase/supabase-js@^2.45.4",
        "npm:@types/cors@^2.8.19",
        "npm:@types/express@^5.0.6",
        "npm:@types/file-saver@^2.0.7",
        "npm:@types/react-dom@^18.3.7",
        "npm:@types/react-router-dom@^5.3.3",
        "npm:@types/react@^18.3.27",
        "npm:@vitejs/plugin-react@^4.7.0",
        "npm:autoprefixer@^10.4.23",
        "npm:baseline-browser-mapping@^2.9.11",
        "npm:chart.js@^4.5.1",
        "npm:clsx@^2.1.1",
        "npm:cors@^2.8.6",
        "npm:cssesc@3",
        "npm:docx@^9.5.1",
        "npm:dotenv@^17.2.3",
        "npm:esbuild@0.27",
        "npm:eslint-plugin-react-hooks@^5.1.0-rc.0",
        "npm:eslint-plugin-react-refresh@~0.4.11",
        "npm:eslint@^9.9.1",
        "npm:express@^5.2.1",
        "npm:file-saver@^2.0.5",
        "npm:framer-motion@^11.18.2",
        "npm:globals@^15.9.0",
        "npm:html2canvas@^1.4.1",
        "npm:html2pdf.js@~0.12.1",
        "npm:jspdf-autotable@^5.0.2",
        "npm:jspdf@^3.0.4",
        "npm:lucide-react@0.344",
        "npm:multer@^2.0.2",
        "npm:node-fetch@^3.3.2",
        "npm:openai@^4.20.1",
        "npm:postcss@^8.5.6",
        "npm:pptxgenjs@^4.0.1",
        "npm:react-chartjs-2@^5.3.0",
        "npm:react-dom@^18.3.1",
        "npm:react-helmet-async@^2.0.5",
        "npm:react-router-dom@^6.30.2",
        "npm:react@^18.3.1",
        "npm:recharts@^3.3.0",
        "npm:resend@^6.7.0",
        "npm:slugify@^1.6.6",
        "npm:tailwind-merge@^3.4.0",
        "npm:tailwindcss@^3.4.19",
        "npm:typescript-eslint@^8.3.0",
        "npm:typescript@^5.5.3",
        "npm:vite@^7.3.0",
        "npm:zod@^3.25.76"
      ]
    }
  }
}
